<?xml version="1.0" encoding="UTF-8"?>
<Scheme
   LastUpgradeVersion = "1100"
   version = "1.3">
   <BuildAction
      parallelizeBuildables = "YES"
      buildImplicitDependencies = "YES">
      <BuildActionEntries>
         <BuildActionEntry
            buildForTesting = "YES"
            buildForRunning = "YES"
            buildForProfiling = "YES"
            buildForArchiving = "YES"
            buildForAnalyzing = "YES">
            <BuildableReference
               BuildableIdentifier = "primary"
               BlueprintIdentifier = "ECE5A45123993A5D00DBEA6E"
               BuildableName = "NYTMostVPopularArticles.app"
               BlueprintName = "NYTMostVPopularArticles"
               ReferencedContainer = "container:NYTMostVPopularArticles.xcodeproj">
            </BuildableReference>
         </BuildActionEntry>
      </BuildActionEntries>
   </BuildAction>
   <TestAction
      buildConfiguration = "Debug"
      selectedDebuggerIdentifier = "Xcode.DebuggerFoundation.Debugger.LLDB"
      selectedLauncherIdentifier = "Xcode.DebuggerFoundation.Launcher.LLDB"
      shouldUseLaunchSchemeArgsEnv = "NO"
      codeCoverageEnabled = "YES"
      onlyGenerateCoverageForSpecifiedTargets = "YES">
      <MacroExpansion>
         <BuildableReference
            BuildableIdentifier = "primary"
            BlueprintIdentifier = "ECE5A45123993A5D00DBEA6E"
            BuildableName = "NYTMostVPopularArticles.app"
            BlueprintName = "NYTMostVPopularArticles"
            ReferencedContainer = "container:NYTMostVPopularArticles.xcodeproj">
         </BuildableReference>
      </MacroExpansion>
      <EnvironmentVariables>
         <EnvironmentVariable
            key = "LYT_FAILING_SNAPSHOT_DIR"
            value = "$(SRCROOT)"
            isEnabled = "YES">
         </EnvironmentVariable>
      </EnvironmentVariables>
      <CodeCoverageTargets>
         <BuildableReference
            BuildableIdentifier = "primary"
            BlueprintIdentifier = "ECE5A45123993A5D00DBEA6E"
            BuildableName = "NYTMostVPopularArticles.app"
            BlueprintName = "NYTMostVPopularArticles"
            ReferencedContainer = "container:NYTMostVPopularArticles.xcodeproj">
         </BuildableReference>
      </CodeCoverageTargets>
      <Testables>
         <TestableReference
            skipped = "NO">
            <BuildableReference
               BuildableIdentifier = "primary"
               BlueprintIdentifier = "ECE5A46523993A5F00DBEA6E"
               BuildableName = "NYTMostVPopularArticlesTests.xctest"
               BlueprintName = "NYTMostVPopularArticlesTests"
               ReferencedContainer = "container:NYTMostVPopularArticles.xcodeproj">
            </BuildableReference>
         </TestableReference>
         <TestableReference
            skipped = "NO">
            <BuildableReference
               BuildableIdentifier = "primary"
               BlueprintIdentifier = "ECE5A47023993A5F00DBEA6E"
               BuildableName = "NYTMostVPopularArticlesUITests.xctest"
               BlueprintName = "NYTMostVPopularArticlesUITests"
               ReferencedContainer = "container:NYTMostVPopularArticles.xcodeproj">
            </BuildableReference>
         </TestableReference>
      </Testables>
   </TestAction>
   <LaunchAction
      buildConfiguration = "Debug"
      selectedDebuggerIdentifier = "Xcode.DebuggerFoundation.Debugger.LLDB"
      selectedLauncherIdentifier = "Xcode.DebuggerFoundation.Launcher.LLDB"
      launchStyle = "0"
      useCustomWorkingDirectory = "NO"
      ignoresPersistentStateOnLaunch = "NO"
      debugDocumentVersioning = "YES"
      debugServiceExtension = "internal"
      allowLocationSimulation = "YES">
      <BuildableProductRunnable
         runnableDebuggingMode = "0">
         <BuildableReference
            BuildableIdentifier = "primary"
            BlueprintIdentifier = "ECE5A45123993A5D00DBEA6E"
            BuildableName = "NYTMostVPopularArticles.app"
            BlueprintName = "NYTMostVPopularArticles"
            ReferencedContainer = "container:NYTMostVPopularArticles.xcodeproj">
         </BuildableReference>
      </BuildableProductRunnable>
   </LaunchAction>
   <ProfileAction
      buildConfiguration = "Release"
      shouldUseLaunchSchemeArgsEnv = "YES"
      savedToolIdentifier = ""
      useCustomWorkingDirectory = "NO"
      debugDocumentVersioning = "YES">
      <BuildableProductRunnable
         runnableDebuggingMode = "0">
         <BuildableReference
            BuildableIdentifier = "primary"
            BlueprintIdentifier = "ECE5A45123993A5D00DBEA6E"
            BuildableName = "NYTMostVPopularArticles.app"
            BlueprintName = "NYTMostVPopularArticles"
            ReferencedContainer = "container:NYTMostVPopularArticles.xcodeproj">
         </BuildableReference>
      </BuildableProductRunnable>
   </ProfileAction>
   <AnalyzeAction
      buildConfiguration = "Debug">
   </AnalyzeAction>
   <ArchiveAction
      buildConfiguration = "Release"
      revealArchiveInOrganizer = "YES">
   </ArchiveAction>
</Scheme>
